
Microsoft Visual Studio Solution File, Format Version 12.00
# Visual Studio Version 17
VisualStudioVersion = 17.0.31903.59
MinimumVisualStudioVersion = 10.0.40219.1
Project("{B48FA479-1187-4A73-9681-B29DF0936FA7}") = "Browser", "Browser\Browser.csproj", "{61381DD4-66B9-4B29-B05C-36932B0BB31E}"
EndProject
Global
	GlobalSection(SolutionConfigurationPlatforms) = preSolution
		Debug|Any CPU = Debug|Any CPU
		Release|Any CPU = Release|Any CPU
	EndGlobalSection
	GlobalSection(ProjectConfigurationPlatforms) = postSolution
		{61381DD4-66B9-4B29-B05C-36932B0BB31E}.Debug|Any CPU.ActiveCfg = Debug|Any CPU
		{61381DD4-66B9-4B29-B05C-36932B0BB31E}.Debug|Any CPU.Build.0 = Debug|Any CPU
		{61381DD4-66B9-4B29-B05C-36932B0BB31E}.Release|Any CPU.ActiveCfg = Release|Any CPU
		{61381DD4-66B9-4B29-B05C-36932B0BB31E}.Release|Any CPU.Build.0 = Release|Any CPU
	EndGlobalSection
	GlobalSection(SolutionProperties) = preSolution
		HideSolutionNode = FALSE
	EndGlobalSection
EndGlobal
