<?xml version="1.0" encoding="utf-8"?>
<Project ToolsVersion="4.0" xmlns="http://schemas.microsoft.com/developer/msbuild/2003">
  <ItemGroup>
    <ClInclude Include="DataAccessManager.h" />
    <ClInclude Include="LoadTest.h" />
    <ClInclude Include="PerformanceTest.h" />
    <ClInclude Include="TestService.h" />
    <ClInclude Include="MySql\DataAccessBase.h">
      <Filter>MySql</Filter>
    </ClInclude>
    <ClInclude Include="MySql\DataAccessImplementation.h">
      <Filter>MySql</Filter>
    </ClInclude>
    <ClInclude Include="Database.h" />
    <ClInclude Include="BaseSystem\StringUtilities.h">
      <Filter>BaseSystem</Filter>
    </ClInclude>
    <ClInclude Include="BaseSystem\LockedVariable.h">
      <Filter>BaseSystem</Filter>
    </ClInclude>
    <ClInclude Include="BaseSystem\ThreadLocalVariable.h">
      <Filter>BaseSystem</Filter>
    </ClInclude>
    <ClInclude Include="BaseSystem\AutoResetEvent.h">
      <Filter>BaseSystem</Filter>
    </ClInclude>
    <ClInclude Include="Workaround.h" />
  </ItemGroup>
  <ItemGroup>
    <ClCompile Include="Program.cpp" />
    <ClCompile Include="DataAccessManager.cpp" />
    <ClCompile Include="MySql\DataAccessBase.cpp">
      <Filter>MySql</Filter>
    </ClCompile>
    <ClCompile Include="BaseSystem\StringUtilities.cpp">
      <Filter>BaseSystem</Filter>
    </ClCompile>
    <ClCompile Include="BaseSystem\ThreadLocalVariable.cpp">
      <Filter>BaseSystem</Filter>
    </ClCompile>
  </ItemGroup>
  <ItemGroup>
    <Filter Include="MySql">
      <UniqueIdentifier>{8a85fa27-8b5d-4a09-b465-048fe9039b52}</UniqueIdentifier>
    </Filter>
    <Filter Include="BaseSystem">
      <UniqueIdentifier>{fef616b2-d198-4daf-bab7-6f89e20a542b}</UniqueIdentifier>
    </Filter>
  </ItemGroup>
</Project>