<?xml version="1.0" encoding="utf-8"?>
<Project ToolsVersion="4.0" xmlns="http://schemas.microsoft.com/developer/msbuild/2003">
  <ItemGroup>
    <ClInclude Include="Clients\ISerializationClient.h">
      <Filter>Clients</Filter>
    </ClInclude>
    <ClInclude Include="Context\SerializationClientAdapter.h">
      <Filter>Context</Filter>
    </ClInclude>
    <ClInclude Include="Clients\BinaryCountPacketClient.h">
      <Filter>Clients</Filter>
    </ClInclude>
    <ClInclude Include="Clients\TcpClient.h">
      <Filter>Clients</Filter>
    </ClInclude>
    <ClInclude Include="Clients\IContext.h">
      <Filter>Clients</Filter>
    </ClInclude>
    <ClInclude Include="BaseSystem\AutoRelease.h">
      <Filter>BaseSystem</Filter>
    </ClInclude>
    <ClInclude Include="BaseSystem\Cryptography.h">
      <Filter>BaseSystem</Filter>
    </ClInclude>
    <ClInclude Include="Clients\Rc4PacketClientTransformer.h">
      <Filter>Clients</Filter>
    </ClInclude>
    <ClInclude Include="Clients\StreamedClient.h">
      <Filter>Clients</Filter>
    </ClInclude>
    <ClInclude Include="BaseSystem\LockedVariable.h">
      <Filter>BaseSystem</Filter>
    </ClInclude>
    <ClInclude Include="Clients\UdpClient.h">
      <Filter>Clients</Filter>
    </ClInclude>
    <ClInclude Include="BaseSystem\StringUtilities.h">
      <Filter>BaseSystem</Filter>
    </ClInclude>
    <ClInclude Include="BaseSystem\ExceptionStackTrace.h">
      <Filter>BaseSystem</Filter>
    </ClInclude>
    <ClInclude Include="BaseSystem\ThreadLocalVariable.h">
      <Filter>BaseSystem</Filter>
    </ClInclude>
    <ClInclude Include="Generated\Communication.h">
      <Filter>Generated</Filter>
    </ClInclude>
    <ClInclude Include="Generated\CommunicationBinary.h">
      <Filter>Generated</Filter>
    </ClInclude>
  </ItemGroup>
  <ItemGroup>
    <ClCompile Include="Program.cpp" />
    <ClCompile Include="BaseSystem\Cryptography.cpp">
      <Filter>BaseSystem</Filter>
    </ClCompile>
    <ClCompile Include="BaseSystem\StringUtilities.cpp">
      <Filter>BaseSystem</Filter>
    </ClCompile>
    <ClCompile Include="BaseSystem\ExceptionStackTrace.cpp">
      <Filter>BaseSystem</Filter>
    </ClCompile>
    <ClCompile Include="BaseSystem\ThreadLocalVariable.cpp">
      <Filter>BaseSystem</Filter>
    </ClCompile>
  </ItemGroup>
  <ItemGroup>
    <Filter Include="Clients">
      <UniqueIdentifier>{4dc36970-e2ac-4780-b5ac-b59255a00d7d}</UniqueIdentifier>
    </Filter>
    <Filter Include="Context">
      <UniqueIdentifier>{15ff6155-cd37-4dde-b4fe-5491fabf8317}</UniqueIdentifier>
    </Filter>
    <Filter Include="BaseSystem">
      <UniqueIdentifier>{0df3184a-89a6-4c00-9409-d95e57aa69f7}</UniqueIdentifier>
    </Filter>
    <Filter Include="Generated">
      <UniqueIdentifier>{ae9d68d3-e86a-4bbe-88f6-a7ee10f8d084}</UniqueIdentifier>
    </Filter>
  </ItemGroup>
</Project>