
Microsoft Visual Studio Solution File, Format Version 12.00
# Visual Studio 15
VisualStudioVersion = 15.0.28010.0
MinimumVisualStudioVersion = 10.0.40219.1
Project("{FAE04EC0-301F-11D3-BF4B-00C04F79EFBC}") = "SchemaManipulator", "SchemaManipulator\SchemaManipulator.csproj", "{D9D1181E-2141-4CE7-80F5-73F3B8620247}"
EndProject
Project("{FAE04EC0-301F-11D3-BF4B-00C04F79EFBC}") = "DatabaseRegenerator", "DatabaseRegenerator\DatabaseRegenerator.csproj", "{8EA3C197-8B12-4A72-8C91-E22DB8039E51}"
EndProject
Project("{FAE04EC0-301F-11D3-BF4B-00C04F79EFBC}") = "NiveumCore", "NiveumCore\NiveumCore.csproj", "{23021296-4E59-4532-9B5F-CB3CED3A978E}"
EndProject
Project("{FAE04EC0-301F-11D3-BF4B-00C04F79EFBC}") = "YukiRelation", "YukiRelation\YukiRelation.csproj", "{7BD101DA-2049-4B20-A89F-D5C7D4384D8B}"
EndProject
Project("{FAE04EC0-301F-11D3-BF4B-00C04F79EFBC}") = "RelationSchemaManipulator", "RelationSchemaManipulator\RelationSchemaManipulator.csproj", "{C608D189-D985-4CFB-9B8D-E44804C3416F}"
EndProject
Project("{FAE04EC0-301F-11D3-BF4B-00C04F79EFBC}") = "TcpSendReceive", "TcpSendReceive\TcpSendReceive.csproj", "{44BAA95D-E876-44F9-B6E0-C7B87D00869D}"
EndProject
Project("{FAE04EC0-301F-11D3-BF4B-00C04F79EFBC}") = "NiveumExpression", "NiveumExpression\NiveumExpression.csproj", "{C197CBAF-712C-4DA8-B7ED-FAE0CB9F77C3}"
EndProject
Project("{FAE04EC0-301F-11D3-BF4B-00C04F79EFBC}") = "ExpressionManipulator", "ExpressionManipulator\ExpressionManipulator.csproj", "{31045E21-7CE2-46D4-9855-1575E290190B}"
EndProject
Project("{FAE04EC0-301F-11D3-BF4B-00C04F79EFBC}") = "Nivea", "Nivea\Nivea.csproj", "{E089D347-36D7-4012-9EE5-E57F2EC33870}"
	ProjectSection(ProjectDependencies) = postProject
		{D9D1181E-2141-4CE7-80F5-73F3B8620247} = {D9D1181E-2141-4CE7-80F5-73F3B8620247}
	EndProjectSection
EndProject
Project("{FAE04EC0-301F-11D3-BF4B-00C04F79EFBC}") = "NiveumJson", "NiveumJson\NiveumJson.csproj", "{0A2ACEBF-1C9E-497A-A996-3A5549A13710}"
EndProject
Project("{FAE04EC0-301F-11D3-BF4B-00C04F79EFBC}") = "YukiCore", "YukiCore\YukiCore.csproj", "{023B572F-BA8D-47CD-AFF7-B36D65D3CFBA}"
EndProject
Global
	GlobalSection(SolutionConfigurationPlatforms) = preSolution
		Debug|Any CPU = Debug|Any CPU
		Release|Any CPU = Release|Any CPU
	EndGlobalSection
	GlobalSection(ProjectConfigurationPlatforms) = postSolution
		{D9D1181E-2141-4CE7-80F5-73F3B8620247}.Debug|Any CPU.ActiveCfg = Debug|Any CPU
		{D9D1181E-2141-4CE7-80F5-73F3B8620247}.Debug|Any CPU.Build.0 = Debug|Any CPU
		{D9D1181E-2141-4CE7-80F5-73F3B8620247}.Release|Any CPU.ActiveCfg = Release|Any CPU
		{D9D1181E-2141-4CE7-80F5-73F3B8620247}.Release|Any CPU.Build.0 = Release|Any CPU
		{8EA3C197-8B12-4A72-8C91-E22DB8039E51}.Debug|Any CPU.ActiveCfg = Debug|Any CPU
		{8EA3C197-8B12-4A72-8C91-E22DB8039E51}.Debug|Any CPU.Build.0 = Debug|Any CPU
		{8EA3C197-8B12-4A72-8C91-E22DB8039E51}.Release|Any CPU.ActiveCfg = Release|Any CPU
		{8EA3C197-8B12-4A72-8C91-E22DB8039E51}.Release|Any CPU.Build.0 = Release|Any CPU
		{23021296-4E59-4532-9B5F-CB3CED3A978E}.Debug|Any CPU.ActiveCfg = Debug|Any CPU
		{23021296-4E59-4532-9B5F-CB3CED3A978E}.Debug|Any CPU.Build.0 = Debug|Any CPU
		{23021296-4E59-4532-9B5F-CB3CED3A978E}.Release|Any CPU.ActiveCfg = Release|Any CPU
		{23021296-4E59-4532-9B5F-CB3CED3A978E}.Release|Any CPU.Build.0 = Release|Any CPU
		{7BD101DA-2049-4B20-A89F-D5C7D4384D8B}.Debug|Any CPU.ActiveCfg = Debug|Any CPU
		{7BD101DA-2049-4B20-A89F-D5C7D4384D8B}.Debug|Any CPU.Build.0 = Debug|Any CPU
		{7BD101DA-2049-4B20-A89F-D5C7D4384D8B}.Release|Any CPU.ActiveCfg = Release|Any CPU
		{7BD101DA-2049-4B20-A89F-D5C7D4384D8B}.Release|Any CPU.Build.0 = Release|Any CPU
		{C608D189-D985-4CFB-9B8D-E44804C3416F}.Debug|Any CPU.ActiveCfg = Debug|Any CPU
		{C608D189-D985-4CFB-9B8D-E44804C3416F}.Debug|Any CPU.Build.0 = Debug|Any CPU
		{C608D189-D985-4CFB-9B8D-E44804C3416F}.Release|Any CPU.ActiveCfg = Release|Any CPU
		{C608D189-D985-4CFB-9B8D-E44804C3416F}.Release|Any CPU.Build.0 = Release|Any CPU
		{44BAA95D-E876-44F9-B6E0-C7B87D00869D}.Debug|Any CPU.ActiveCfg = Debug|Any CPU
		{44BAA95D-E876-44F9-B6E0-C7B87D00869D}.Debug|Any CPU.Build.0 = Debug|Any CPU
		{44BAA95D-E876-44F9-B6E0-C7B87D00869D}.Release|Any CPU.ActiveCfg = Release|Any CPU
		{44BAA95D-E876-44F9-B6E0-C7B87D00869D}.Release|Any CPU.Build.0 = Release|Any CPU
		{C197CBAF-712C-4DA8-B7ED-FAE0CB9F77C3}.Debug|Any CPU.ActiveCfg = Debug|Any CPU
		{C197CBAF-712C-4DA8-B7ED-FAE0CB9F77C3}.Debug|Any CPU.Build.0 = Debug|Any CPU
		{C197CBAF-712C-4DA8-B7ED-FAE0CB9F77C3}.Release|Any CPU.ActiveCfg = Release|Any CPU
		{C197CBAF-712C-4DA8-B7ED-FAE0CB9F77C3}.Release|Any CPU.Build.0 = Release|Any CPU
		{31045E21-7CE2-46D4-9855-1575E290190B}.Debug|Any CPU.ActiveCfg = Debug|Any CPU
		{31045E21-7CE2-46D4-9855-1575E290190B}.Debug|Any CPU.Build.0 = Debug|Any CPU
		{31045E21-7CE2-46D4-9855-1575E290190B}.Release|Any CPU.ActiveCfg = Release|Any CPU
		{31045E21-7CE2-46D4-9855-1575E290190B}.Release|Any CPU.Build.0 = Release|Any CPU
		{E089D347-36D7-4012-9EE5-E57F2EC33870}.Debug|Any CPU.ActiveCfg = Debug|Any CPU
		{E089D347-36D7-4012-9EE5-E57F2EC33870}.Debug|Any CPU.Build.0 = Debug|Any CPU
		{E089D347-36D7-4012-9EE5-E57F2EC33870}.Release|Any CPU.ActiveCfg = Release|Any CPU
		{E089D347-36D7-4012-9EE5-E57F2EC33870}.Release|Any CPU.Build.0 = Release|Any CPU
		{0A2ACEBF-1C9E-497A-A996-3A5549A13710}.Debug|Any CPU.ActiveCfg = Debug|Any CPU
		{0A2ACEBF-1C9E-497A-A996-3A5549A13710}.Debug|Any CPU.Build.0 = Debug|Any CPU
		{0A2ACEBF-1C9E-497A-A996-3A5549A13710}.Release|Any CPU.ActiveCfg = Release|Any CPU
		{0A2ACEBF-1C9E-497A-A996-3A5549A13710}.Release|Any CPU.Build.0 = Release|Any CPU
		{023B572F-BA8D-47CD-AFF7-B36D65D3CFBA}.Debug|Any CPU.ActiveCfg = Debug|Any CPU
		{023B572F-BA8D-47CD-AFF7-B36D65D3CFBA}.Debug|Any CPU.Build.0 = Debug|Any CPU
		{023B572F-BA8D-47CD-AFF7-B36D65D3CFBA}.Release|Any CPU.ActiveCfg = Release|Any CPU
		{023B572F-BA8D-47CD-AFF7-B36D65D3CFBA}.Release|Any CPU.Build.0 = Release|Any CPU
	EndGlobalSection
	GlobalSection(SolutionProperties) = preSolution
		HideSolutionNode = FALSE
	EndGlobalSection
	GlobalSection(ExtensibilityGlobals) = postSolution
		SolutionGuid = {C612E419-72AC-423C-8DFE-F9A9C3251D3E}
	EndGlobalSection
EndGlobal
