
Microsoft Visual Studio Solution File, Format Version 11.00
# Visual Studio 2010
Project("{FAE04EC0-301F-11D3-BF4B-00C04F79EFBC}") = "SchemaManipulator", "SchemaManipulator\SchemaManipulator.csproj", "{D9D1181E-2141-4CE7-80F5-73F3B8620247}"
EndProject
Project("{FAE04EC0-301F-11D3-BF4B-00C04F79EFBC}") = "DatabaseRegenerator", "DatabaseRegenerator\DatabaseRegenerator.csproj", "{8EA3C197-8B12-4A72-8C91-E22DB8039E51}"
EndProject
Global
	GlobalSection(SolutionConfigurationPlatforms) = preSolution
		Debug|Any CPU = Debug|Any CPU
		Release|Any CPU = Release|Any CPU
	EndGlobalSection
	GlobalSection(ProjectConfigurationPlatforms) = postSolution
		{D9D1181E-2141-4CE7-80F5-73F3B8620247}.Debug|Any CPU.ActiveCfg = Debug|Any CPU
		{D9D1181E-2141-4CE7-80F5-73F3B8620247}.Debug|Any CPU.Build.0 = Debug|Any CPU
		{D9D1181E-2141-4CE7-80F5-73F3B8620247}.Release|Any CPU.ActiveCfg = Release|Any CPU
		{D9D1181E-2141-4CE7-80F5-73F3B8620247}.Release|Any CPU.Build.0 = Release|Any CPU
		{8EA3C197-8B12-4A72-8C91-E22DB8039E51}.Debug|Any CPU.ActiveCfg = Debug|Any CPU
		{8EA3C197-8B12-4A72-8C91-E22DB8039E51}.Debug|Any CPU.Build.0 = Debug|Any CPU
		{8EA3C197-8B12-4A72-8C91-E22DB8039E51}.Release|Any CPU.ActiveCfg = Release|Any CPU
		{8EA3C197-8B12-4A72-8C91-E22DB8039E51}.Release|Any CPU.Build.0 = Release|Any CPU
	EndGlobalSection
	GlobalSection(SolutionProperties) = preSolution
		HideSolutionNode = FALSE
	EndGlobalSection
EndGlobal
