
Microsoft Visual Studio Solution File, Format Version 12.00
# Visual Studio 2013
VisualStudioVersion = 12.0.21005.1
MinimumVisualStudioVersion = 10.0.40219.1
Project("{FAE04EC0-301F-11D3-BF4B-00C04F79EFBC}") = "Server", "Server\Server.csproj", "{BB81384E-871D-4690-895B-8997767E9371}"
EndProject
Project("{FAE04EC0-301F-11D3-BF4B-00C04F79EFBC}") = "Client", "Client\Client.csproj", "{EED0E897-C1C0-48B8-8269-AD4B97C8E4F2}"
EndProject
Project("{FAE04EC0-301F-11D3-BF4B-00C04F79EFBC}") = "Communication", "Communication\Communication.csproj", "{4EC01D0D-A0BD-4402-9338-F9962ADABAFE}"
EndProject
Global
	GlobalSection(SolutionConfigurationPlatforms) = preSolution
		Debug|Any CPU = Debug|Any CPU
		Release|Any CPU = Release|Any CPU
	EndGlobalSection
	GlobalSection(ProjectConfigurationPlatforms) = postSolution
		{BB81384E-871D-4690-895B-8997767E9371}.Debug|Any CPU.ActiveCfg = Debug|Any CPU
		{BB81384E-871D-4690-895B-8997767E9371}.Debug|Any CPU.Build.0 = Debug|Any CPU
		{BB81384E-871D-4690-895B-8997767E9371}.Release|Any CPU.ActiveCfg = Release|Any CPU
		{BB81384E-871D-4690-895B-8997767E9371}.Release|Any CPU.Build.0 = Release|Any CPU
		{EED0E897-C1C0-48B8-8269-AD4B97C8E4F2}.Debug|Any CPU.ActiveCfg = Debug|Any CPU
		{EED0E897-C1C0-48B8-8269-AD4B97C8E4F2}.Debug|Any CPU.Build.0 = Debug|Any CPU
		{EED0E897-C1C0-48B8-8269-AD4B97C8E4F2}.Release|Any CPU.ActiveCfg = Release|Any CPU
		{EED0E897-C1C0-48B8-8269-AD4B97C8E4F2}.Release|Any CPU.Build.0 = Release|Any CPU
		{4EC01D0D-A0BD-4402-9338-F9962ADABAFE}.Debug|Any CPU.ActiveCfg = Debug|Any CPU
		{4EC01D0D-A0BD-4402-9338-F9962ADABAFE}.Debug|Any CPU.Build.0 = Debug|Any CPU
		{4EC01D0D-A0BD-4402-9338-F9962ADABAFE}.Release|Any CPU.ActiveCfg = Release|Any CPU
		{4EC01D0D-A0BD-4402-9338-F9962ADABAFE}.Release|Any CPU.Build.0 = Release|Any CPU
	EndGlobalSection
	GlobalSection(SolutionProperties) = preSolution
		HideSolutionNode = FALSE
	EndGlobalSection
EndGlobal
